
Microsoft Visual Studio Solution File, Format Version 12.00
# Visual Studio Version 17
VisualStudioVersion = 17.14.36623.8 d17.14
MinimumVisualStudioVersion = 10.0.40219.1
Project("{FAE04EC0-301F-11D3-BF4B-00C04F79EFBC}") = "Challenge11.1", "Challenge11.1.csproj", "{BE56742C-B0D0-4159-AF0E-58B6EB16ABB6}"
EndProject
Global
	GlobalSection(SolutionConfigurationPlatforms) = preSolution
		Debug|Any CPU = Debug|Any CPU
		Release|Any CPU = Release|Any CPU
	EndGlobalSection
	GlobalSection(ProjectConfigurationPlatforms) = postSolution
		{BE56742C-B0D0-4159-AF0E-58B6EB16ABB6}.Debug|Any CPU.ActiveCfg = Debug|Any CPU
		{BE56742C-B0D0-4159-AF0E-58B6EB16ABB6}.Debug|Any CPU.Build.0 = Debug|Any CPU
		{BE56742C-B0D0-4159-AF0E-58B6EB16ABB6}.Release|Any CPU.ActiveCfg = Release|Any CPU
		{BE56742C-B0D0-4159-AF0E-58B6EB16ABB6}.Release|Any CPU.Build.0 = Release|Any CPU
	EndGlobalSection
	GlobalSection(SolutionProperties) = preSolution
		HideSolutionNode = FALSE
	EndGlobalSection
	GlobalSection(ExtensibilityGlobals) = postSolution
		SolutionGuid = {3B4502E0-BD4B-4E74-A798-19FE79D0FFB3}
	EndGlobalSection
EndGlobal
